
Microsoft Visual Studio Solution File, Format Version 12.00
# Visual Studio Version 17
VisualStudioVersion = 17.2.32526.322
MinimumVisualStudioVersion = 10.0.40219.1
Project("{FAE04EC0-301F-11D3-BF4B-00C04F79EFBC}") = "RSHB-Exam_WebAPI", "RSHB-Exam_WebAPI\RSHB-Exam_WebAPI.csproj", "{1A4B66AC-2094-462B-B582-A5CA9F437ACF}"
EndProject
Project("{FAE04EC0-301F-11D3-BF4B-00C04F79EFBC}") = "RSHB-Exam_DataAccessLib", "RSHB-Exam_DataAccessLib\RSHB-Exam_DataAccessLib.csproj", "{D52D9559-65BA-4664-BED8-0A5DDE5CE33B}"
EndProject
Project("{FAE04EC0-301F-11D3-BF4B-00C04F79EFBC}") = "RSHB-Exam_ModelLib", "RSHB-Exam_ModelLib\RSHB-Exam_ModelLib.csproj", "{B82C407D-4639-487D-B219-A37323EE7191}"
EndProject
Global
	GlobalSection(SolutionConfigurationPlatforms) = preSolution
		Debug|Any CPU = Debug|Any CPU
		Release|Any CPU = Release|Any CPU
	EndGlobalSection
	GlobalSection(ProjectConfigurationPlatforms) = postSolution
		{1A4B66AC-2094-462B-B582-A5CA9F437ACF}.Debug|Any CPU.ActiveCfg = Debug|Any CPU
		{1A4B66AC-2094-462B-B582-A5CA9F437ACF}.Debug|Any CPU.Build.0 = Debug|Any CPU
		{1A4B66AC-2094-462B-B582-A5CA9F437ACF}.Release|Any CPU.ActiveCfg = Release|Any CPU
		{1A4B66AC-2094-462B-B582-A5CA9F437ACF}.Release|Any CPU.Build.0 = Release|Any CPU
		{D52D9559-65BA-4664-BED8-0A5DDE5CE33B}.Debug|Any CPU.ActiveCfg = Debug|Any CPU
		{D52D9559-65BA-4664-BED8-0A5DDE5CE33B}.Debug|Any CPU.Build.0 = Debug|Any CPU
		{D52D9559-65BA-4664-BED8-0A5DDE5CE33B}.Release|Any CPU.ActiveCfg = Release|Any CPU
		{D52D9559-65BA-4664-BED8-0A5DDE5CE33B}.Release|Any CPU.Build.0 = Release|Any CPU
		{B82C407D-4639-487D-B219-A37323EE7191}.Debug|Any CPU.ActiveCfg = Debug|Any CPU
		{B82C407D-4639-487D-B219-A37323EE7191}.Debug|Any CPU.Build.0 = Debug|Any CPU
		{B82C407D-4639-487D-B219-A37323EE7191}.Release|Any CPU.ActiveCfg = Release|Any CPU
		{B82C407D-4639-487D-B219-A37323EE7191}.Release|Any CPU.Build.0 = Release|Any CPU
	EndGlobalSection
	GlobalSection(SolutionProperties) = preSolution
		HideSolutionNode = FALSE
	EndGlobalSection
	GlobalSection(ExtensibilityGlobals) = postSolution
		SolutionGuid = {C10B72A7-FECE-4BFF-B7D3-EDC331721E24}
	EndGlobalSection
EndGlobal
